
Microsoft Visual Studio Solution File, Format Version 12.00
# Visual Studio 15
VisualStudioVersion = 15.0.27004.2009
MinimumVisualStudioVersion = 10.0.40219.1
Project("{FAE04EC0-301F-11D3-BF4B-00C04F79EFBC}") = "ProductServer", "ProductServer\ProductServer.csproj", "{D4B2B759-9992-4427-BDF4-E43E2AB72BD7}"
EndProject
Project("{FAE04EC0-301F-11D3-BF4B-00C04F79EFBC}") = "CommonObjects", "CommonObjects\CommonObjects.csproj", "{FA3D4B6E-49A4-4061-8D5E-487EEDFD8A27}"
EndProject
Project("{FAE04EC0-301F-11D3-BF4B-00C04F79EFBC}") = "ProductClient", "ProductClient\ProductClient.csproj", "{3857CBEB-1A53-404B-9F58-AE5363321C03}"
EndProject
Project("{FAE04EC0-301F-11D3-BF4B-00C04F79EFBC}") = "ClientConsole", "ClientConsole\ClientConsole.csproj", "{38FBA3BD-D9D8-4775-BD3A-2103B7D5324D}"
EndProject
Global
	GlobalSection(SolutionConfigurationPlatforms) = preSolution
		Debug|Any CPU = Debug|Any CPU
		Release|Any CPU = Release|Any CPU
	EndGlobalSection
	GlobalSection(ProjectConfigurationPlatforms) = postSolution
		{D4B2B759-9992-4427-BDF4-E43E2AB72BD7}.Debug|Any CPU.ActiveCfg = Debug|Any CPU
		{D4B2B759-9992-4427-BDF4-E43E2AB72BD7}.Debug|Any CPU.Build.0 = Debug|Any CPU
		{D4B2B759-9992-4427-BDF4-E43E2AB72BD7}.Release|Any CPU.ActiveCfg = Release|Any CPU
		{D4B2B759-9992-4427-BDF4-E43E2AB72BD7}.Release|Any CPU.Build.0 = Release|Any CPU
		{FA3D4B6E-49A4-4061-8D5E-487EEDFD8A27}.Debug|Any CPU.ActiveCfg = Debug|Any CPU
		{FA3D4B6E-49A4-4061-8D5E-487EEDFD8A27}.Debug|Any CPU.Build.0 = Debug|Any CPU
		{FA3D4B6E-49A4-4061-8D5E-487EEDFD8A27}.Release|Any CPU.ActiveCfg = Release|Any CPU
		{FA3D4B6E-49A4-4061-8D5E-487EEDFD8A27}.Release|Any CPU.Build.0 = Release|Any CPU
		{3857CBEB-1A53-404B-9F58-AE5363321C03}.Debug|Any CPU.ActiveCfg = Debug|Any CPU
		{3857CBEB-1A53-404B-9F58-AE5363321C03}.Debug|Any CPU.Build.0 = Debug|Any CPU
		{3857CBEB-1A53-404B-9F58-AE5363321C03}.Release|Any CPU.ActiveCfg = Release|Any CPU
		{3857CBEB-1A53-404B-9F58-AE5363321C03}.Release|Any CPU.Build.0 = Release|Any CPU
		{38FBA3BD-D9D8-4775-BD3A-2103B7D5324D}.Debug|Any CPU.ActiveCfg = Debug|Any CPU
		{38FBA3BD-D9D8-4775-BD3A-2103B7D5324D}.Debug|Any CPU.Build.0 = Debug|Any CPU
		{38FBA3BD-D9D8-4775-BD3A-2103B7D5324D}.Release|Any CPU.ActiveCfg = Release|Any CPU
		{38FBA3BD-D9D8-4775-BD3A-2103B7D5324D}.Release|Any CPU.Build.0 = Release|Any CPU
	EndGlobalSection
	GlobalSection(SolutionProperties) = preSolution
		HideSolutionNode = FALSE
	EndGlobalSection
	GlobalSection(ExtensibilityGlobals) = postSolution
		SolutionGuid = {5F1052B2-64EB-45ED-AA37-B00759E844B2}
	EndGlobalSection
EndGlobal
